
Microsoft Visual Studio Solution File, Format Version 12.00
# Visual Studio Version 17
VisualStudioVersion = 17.9.34728.123
MinimumVisualStudioVersion = 10.0.40219.1
Project("{FAE04EC0-301F-11D3-BF4B-00C04F79EFBC}") = "createAPI", "createAPI.csproj", "{EF27BA1E-64ED-477B-9697-18F53AF601BC}"
EndProject
Global
	GlobalSection(SolutionConfigurationPlatforms) = preSolution
		Debug|Any CPU = Debug|Any CPU
		Release|Any CPU = Release|Any CPU
	EndGlobalSection
	GlobalSection(ProjectConfigurationPlatforms) = postSolution
		{EF27BA1E-64ED-477B-9697-18F53AF601BC}.Debug|Any CPU.ActiveCfg = Debug|Any CPU
		{EF27BA1E-64ED-477B-9697-18F53AF601BC}.Debug|Any CPU.Build.0 = Debug|Any CPU
		{EF27BA1E-64ED-477B-9697-18F53AF601BC}.Release|Any CPU.ActiveCfg = Release|Any CPU
		{EF27BA1E-64ED-477B-9697-18F53AF601BC}.Release|Any CPU.Build.0 = Release|Any CPU
	EndGlobalSection
	GlobalSection(SolutionProperties) = preSolution
		HideSolutionNode = FALSE
	EndGlobalSection
	GlobalSection(ExtensibilityGlobals) = postSolution
		SolutionGuid = {E8D49C17-EA43-49CA-998D-088FC4DA02B0}
	EndGlobalSection
EndGlobal
