
Microsoft Visual Studio Solution File, Format Version 12.00
# Visual Studio Version 17
VisualStudioVersion = 17.9.34622.214
MinimumVisualStudioVersion = 10.0.40219.1
Project("{FAE04EC0-301F-11D3-BF4B-00C04F79EFBC}") = "lab3", "lab3.csproj", "{8AC12B29-1852-42AE-A8BF-E5E5794E57FD}"
EndProject
Global
	GlobalSection(SolutionConfigurationPlatforms) = preSolution
		Debug|Any CPU = Debug|Any CPU
		Release|Any CPU = Release|Any CPU
	EndGlobalSection
	GlobalSection(ProjectConfigurationPlatforms) = postSolution
		{8AC12B29-1852-42AE-A8BF-E5E5794E57FD}.Debug|Any CPU.ActiveCfg = Debug|Any CPU
		{8AC12B29-1852-42AE-A8BF-E5E5794E57FD}.Debug|Any CPU.Build.0 = Debug|Any CPU
		{8AC12B29-1852-42AE-A8BF-E5E5794E57FD}.Release|Any CPU.ActiveCfg = Release|Any CPU
		{8AC12B29-1852-42AE-A8BF-E5E5794E57FD}.Release|Any CPU.Build.0 = Release|Any CPU
	EndGlobalSection
	GlobalSection(SolutionProperties) = preSolution
		HideSolutionNode = FALSE
	EndGlobalSection
	GlobalSection(ExtensibilityGlobals) = postSolution
		SolutionGuid = {5B7866DA-6D4A-4A06-AE0A-50120361DDC8}
	EndGlobalSection
EndGlobal
